
Microsoft Visual Studio Solution File, Format Version 12.00
# Visual Studio Version 17
VisualStudioVersion = 17.5.33530.505
MinimumVisualStudioVersion = 10.0.40219.1
Project("{E24C65DC-7377-472B-9ABA-BC803B73C61A}") = "bootproject", ".", "{E65D5556-E1B5-45AC-815A-EF0BB23A8334}"
	ProjectSection(WebsiteProperties) = preProject
		TargetFrameworkMoniker = ".NETFramework,Version%3Dv4.8.1"
		Debug.AspNetCompiler.VirtualPath = "/localhost_58124"
		Debug.AspNetCompiler.PhysicalPath = "..\..\..\Desktop\tahlil dadeh\tamrin ha-web design\bootproject\"
		Debug.AspNetCompiler.TargetPath = "PrecompiledWeb\localhost_58124\"
		Debug.AspNetCompiler.Updateable = "true"
		Debug.AspNetCompiler.ForceOverwrite = "true"
		Debug.AspNetCompiler.FixedNames = "false"
		Debug.AspNetCompiler.Debug = "True"
		Release.AspNetCompiler.VirtualPath = "/localhost_58124"
		Release.AspNetCompiler.PhysicalPath = "..\..\..\Desktop\tahlil dadeh\tamrin ha-web design\bootproject\"
		Release.AspNetCompiler.TargetPath = "PrecompiledWeb\localhost_58124\"
		Release.AspNetCompiler.Updateable = "true"
		Release.AspNetCompiler.ForceOverwrite = "true"
		Release.AspNetCompiler.FixedNames = "false"
		Release.AspNetCompiler.Debug = "False"
		VWDPort = "58124"
	EndProjectSection
EndProject
Global
	GlobalSection(SolutionConfigurationPlatforms) = preSolution
		Debug|Any CPU = Debug|Any CPU
	EndGlobalSection
	GlobalSection(ProjectConfigurationPlatforms) = postSolution
		{E65D5556-E1B5-45AC-815A-EF0BB23A8334}.Debug|Any CPU.ActiveCfg = Debug|Any CPU
		{E65D5556-E1B5-45AC-815A-EF0BB23A8334}.Debug|Any CPU.Build.0 = Debug|Any CPU
	EndGlobalSection
	GlobalSection(SolutionProperties) = preSolution
		HideSolutionNode = FALSE
	EndGlobalSection
	GlobalSection(ExtensibilityGlobals) = postSolution
		SolutionGuid = {FD145000-853C-4546-B3A8-83972C9A824E}
	EndGlobalSection
EndGlobal
